
Microsoft Visual Studio Solution File, Format Version 12.00
# Visual Studio 2013
VisualStudioVersion = 12.0.21005.1
MinimumVisualStudioVersion = 10.0.40219.1
Project("{FAE04EC0-301F-11D3-BF4B-00C04F79EFBC}") = "WiFiDoctor", "WiFiDoctor\WiFiDoctor.csproj", "{32526E86-B4A5-4CD4-B867-4977FA2D0024}"
EndProject
Global
	GlobalSection(SolutionConfigurationPlatforms) = preSolution
		Debug|Any CPU = Debug|Any CPU
		Release|Any CPU = Release|Any CPU
	EndGlobalSection
	GlobalSection(ProjectConfigurationPlatforms) = postSolution
		{32526E86-B4A5-4CD4-B867-4977FA2D0024}.Debug|Any CPU.ActiveCfg = Debug|Any CPU
		{32526E86-B4A5-4CD4-B867-4977FA2D0024}.Debug|Any CPU.Build.0 = Debug|Any CPU
		{32526E86-B4A5-4CD4-B867-4977FA2D0024}.Release|Any CPU.ActiveCfg = Release|Any CPU
		{32526E86-B4A5-4CD4-B867-4977FA2D0024}.Release|Any CPU.Build.0 = Release|Any CPU
	EndGlobalSection
	GlobalSection(SolutionProperties) = preSolution
		HideSolutionNode = FALSE
	EndGlobalSection
EndGlobal
